
Microsoft Visual Studio Solution File, Format Version 12.00
# Visual Studio Version 17
VisualStudioVersion = 17.0.32112.339
MinimumVisualStudioVersion = 10.0.40219.1
Project("{FAE04EC0-301F-11D3-BF4B-00C04F79EFBC}") = "Calculadora.ConsoleApp", "Calculadora.ConsoleApp\Calculadora.ConsoleApp.csproj", "{19E0582C-5B12-4377-AFB4-5435D5B55E32}"
EndProject
Global
	GlobalSection(SolutionConfigurationPlatforms) = preSolution
		Debug|Any CPU = Debug|Any CPU
		Release|Any CPU = Release|Any CPU
	EndGlobalSection
	GlobalSection(ProjectConfigurationPlatforms) = postSolution
		{19E0582C-5B12-4377-AFB4-5435D5B55E32}.Debug|Any CPU.ActiveCfg = Debug|Any CPU
		{19E0582C-5B12-4377-AFB4-5435D5B55E32}.Debug|Any CPU.Build.0 = Debug|Any CPU
		{19E0582C-5B12-4377-AFB4-5435D5B55E32}.Release|Any CPU.ActiveCfg = Release|Any CPU
		{19E0582C-5B12-4377-AFB4-5435D5B55E32}.Release|Any CPU.Build.0 = Release|Any CPU
	EndGlobalSection
	GlobalSection(SolutionProperties) = preSolution
		HideSolutionNode = FALSE
	EndGlobalSection
	GlobalSection(ExtensibilityGlobals) = postSolution
		SolutionGuid = {269733F3-304F-437C-9BF4-90A1459A1B36}
	EndGlobalSection
EndGlobal
